// !$*UTF8*$!
{
	archiveVersion = 1;
	classes = {
	};
	objectVersion = 46;
	objects = {

/* Begin PBXBuildFile section */
		5F3DFFF01D10D586006308C9 /* EACondensor.m in Sources */ = {isa = PBXBuildFile; fileRef = 5F3DFFEF1D10D586006308C9 /* EACondensor.m */; };
		5F5C9D431D0B1050006FC647 /* main.m in Sources */ = {isa = PBXBuildFile; fileRef = 5F5C9D421D0B1050006FC647 /* main.m */; };
/* End PBXBuildFile section */

/* Begin PBXCopyFilesBuildPhase section */
		5F5C9D3D1D0B1050006FC647 /* CopyFiles */ = {
			isa = PBXCopyFilesBuildPhase;
			buildActionMask = 2147483647;
			dstPath = /usr/share/man/man1/;
			dstSubfolderSpec = 0;
			files = (
			);
			runOnlyForDeploymentPostprocessing = 1;
		};
/* End PBXCopyFilesBuildPhase section */

/* Begin PBXFileReference section */
		5F3DFFEE1D10D586006308C9 /* EACondensor.h */ = {isa = PBXFileReference; fileEncoding = 4; lastKnownFileType = sourcecode.c.h; path = EACondensor.h; sourceTree = "<group>"; };
		5F3DFFEF1D10D586006308C9 /* EACondensor.m */ = {isa = PBXFileReference; fileEncoding = 4; lastKnownFileType = sourcecode.c.objc; path = EACondensor.m; sourceTree = "<group>"; };
		5F5C9D3F1D0B1050006FC647 /* condensor */ = {isa = PBXFileReference; explicitFileType = "compiled.mach-o.executable"; includeInIndex = 0; path = condensor; sourceTree = BUILT_PRODUCTS_DIR; };
		5F5C9D421D0B1050006FC647 /* main.m */ = {isa = PBXFileReference; lastKnownFileType = sourcecode.c.objc; path = main.m; sourceTree = "<group>"; };
/* End PBXFileReference section */

/* Begin PBXFrameworksBuildPhase section */
		5F5C9D3C1D0B1050006FC647 /* Frameworks */ = {
			isa = PBXFrameworksBuildPhase;
			buildActionMask = 2147483647;
			files = (
			);
			runOnlyForDeploymentPostprocessing = 0;
		};
/* End PBXFrameworksBuildPhase section */

/* Begin PBXGroup section */
		5F5C9D361D0B1050006FC647 = {
			isa = PBXGroup;
			children = (
				5F5C9D411D0B1050006FC647 /* condensor */,
				5F5C9D401D0B1050006FC647 /* Products */,
			);
			sourceTree = "<group>";
		};
		5F5C9D401D0B1050006FC647 /* Products */ = {
			isa = PBXGroup;
			children = (
				5F5C9D3F1D0B1050006FC647 /* condensor */,
			);
			name = Products;
			sourceTree = "<group>";
		};
		5F5C9D411D0B1050006FC647 /* condensor */ = {
			isa = PBXGroup;
			children = (
				5F5C9D421D0B1050006FC647 /* main.m */,
				5F3DFFEE1D10D586006308C9 /* EACondensor.h */,
				5F3DFFEF1D10D586006308C9 /* EACondensor.m */,
			);
			path = condensor;
			sourceTree = "<group>";
		};
/* End PBXGroup section */

/* Begin PBXNativeTarget section */
		5F5C9D3E1D0B1050006FC647 /* condensor */ = {
			isa = PBXNativeTarget;
			buildConfigurationList = 5F5C9D461D0B1050006FC647 /* Build configuration list for PBXNativeTarget "condensor" */;
			buildPhases = (
				5F5C9D3B1D0B1050006FC647 /* Sources */,
				5F5C9D3C1D0B1050006FC647 /* Frameworks */,
				5F5C9D3D1D0B1050006FC647 /* CopyFiles */,
			);
			buildRules = (
			);
			dependencies = (
			);
			name = condensor;
			productName = condensor;
			productReference = 5F5C9D3F1D0B1050006FC647 /* condensor */;
			productType = "com.apple.product-type.tool";
		};
/* End PBXNativeTarget section */

/* Begin PBXProject section */
		5F5C9D371D0B1050006FC647 /* Project object */ = {
			isa = PBXProject;
			attributes = {
				LastUpgradeCheck = 0730;
				ORGANIZATIONNAME = "Ethan Arbuckle";
				TargetAttributes = {
					5F5C9D3E1D0B1050006FC647 = {
						CreatedOnToolsVersion = 7.3;
					};
				};
			};
			buildConfigurationList = 5F5C9D3A1D0B1050006FC647 /* Build configuration list for PBXProject "condensor" */;
			compatibilityVersion = "Xcode 3.2";
			developmentRegion = English;
			hasScannedForEncodings = 0;
			knownRegions = (
				en,
			);
			mainGroup = 5F5C9D361D0B1050006FC647;
			productRefGroup = 5F5C9D401D0B1050006FC647 /* Products */;
			projectDirPath = "";
			projectRoot = "";
			targets = (
				5F5C9D3E1D0B1050006FC647 /* condensor */,
			);
		};
/* End PBXProject section */

/* Begin PBXSourcesBuildPhase section */
		5F5C9D3B1D0B1050006FC647 /* Sources */ = {
			isa = PBXSourcesBuildPhase;
			buildActionMask = 2147483647;
			files = (
				5F5C9D431D0B1050006FC647 /* main.m in Sources */,
				5F3DFFF01D10D586006308C9 /* EACondensor.m in Sources */,
			);
			runOnlyForDeploymentPostprocessing = 0;
		};
/* End PBXSourcesBuildPhase section */

/* Begin XCBuildConfiguration section */
		5F5C9D441D0B1050006FC647 /* Debug */ = {
			isa = XCBuildConfiguration;
			buildSettings = {
				ALWAYS_SEARCH_USER_PATHS = NO;
				CLANG_CXX_LANGUAGE_STANDARD = "gnu++0x";
				CLANG_CXX_LIBRARY = "libc++";
				CLANG_ENABLE_MODULES = YES;
				CLANG_ENABLE_OBJC_ARC = YES;
				CLANG_WARN_BOOL_CONVERSION = YES;
				CLANG_WARN_CONSTANT_CONVERSION = YES;
				CLANG_WARN_DIRECT_OBJC_ISA_USAGE = YES_ERROR;
				CLANG_WARN_EMPTY_BODY = YES;
				CLANG_WARN_ENUM_CONVERSION = YES;
				CLANG_WARN_INT_CONVERSION = YES;
				CLANG_WARN_OBJC_ROOT_CLASS = YES_ERROR;
				CLANG_WARN_UNREACHABLE_CODE = YES;
				CLANG_WARN__DUPLICATE_METHOD_MATCH = YES;
				CODE_SIGN_IDENTITY = "-";
				COPY_PHASE_STRIP = NO;
				DEBUG_INFORMATION_FORMAT = dwarf;
				ENABLE_STRICT_OBJC_MSGSEND = YES;
				ENABLE_TESTABILITY = YES;
				GCC_C_LANGUAGE_STANDARD = gnu99;
				GCC_DYNAMIC_NO_PIC = NO;
				GCC_NO_COMMON_BLOCKS = YES;
				GCC_OPTIMIZATION_LEVEL = 0;
				GCC_PREPROCESSOR_DEFINITIONS = (
					"DEBUG=1",
					"$(inherited)",
				);
				GCC_WARN_64_TO_32_BIT_CONVERSION = YES;
				GCC_WARN_ABOUT_RETURN_TYPE = YES_ERROR;
				GCC_WARN_UNDECLARED_SELECTOR = YES;
				GCC_WARN_UNINITIALIZED_AUTOS = YES_AGGRESSIVE;
				GCC_WARN_UNUSED_FUNCTION = YES;
				GCC_WARN_UNUSED_VARIABLE = YES;
				MACOSX_DEPLOYMENT_TARGET = 10.11;
				MTL_ENABLE_DEBUG_INFO = YES;
				ONLY_ACTIVE_ARCH = YES;
				SDKROOT = macosx;
			};
			name = Debug;
		};
		5F5C9D451D0B1050006FC647 /* Release */ = {
			isa = XCBuildConfiguration;
			buildSettings = {
				ALWAYS_SEARCH_USER_PATHS = NO;
				CLANG_CXX_LANGUAGE_STANDARD = "gnu++0x";
				CLANG_CXX_LIBRARY = "libc++";
				CLANG_ENABLE_MODULES = YES;
				CLANG_ENABLE_OBJC_ARC = YES;
				CLANG_WARN_BOOL_CONVERSION = YES;
				CLANG_WARN_CONSTANT_CONVERSION = YES;
				CLANG_WARN_DIRECT_OBJC_ISA_USAGE = YES_ERROR;
				CLANG_WARN_EMPTY_BODY = YES;
				CLANG_WARN_ENUM_CONVERSION = YES;
				CLANG_WARN_INT_CONVERSION = YES;
				CLANG_WARN_OBJC_ROOT_CLASS = YES_ERROR;
				CLANG_WARN_UNREACHABLE_CODE = YES;
				CLANG_WARN__DUPLICATE_METHOD_MATCH = YES;
				CODE_SIGN_IDENTITY = "-";
				COPY_PHASE_STRIP = NO;
				DEBUG_INFORMATION_FORMAT = "dwarf-with-dsym";
				ENABLE_NS_ASSERTIONS = NO;
				ENABLE_STRICT_OBJC_MSGSEND = YES;
				GCC_C_LANGUAGE_STANDARD = gnu99;
				GCC_NO_COMMON_BLOCKS = YES;
				GCC_WARN_64_TO_32_BIT_CONVERSION = YES;
				GCC_WARN_ABOUT_RETURN_TYPE = YES_ERROR;
				GCC_WARN_UNDECLARED_SELECTOR = YES;
				GCC_WARN_UNINITIALIZED_AUTOS = YES_AGGRESSIVE;
				GCC_WARN_UNUSED_FUNCTION = YES;
				GCC_WARN_UNUSED_VARIABLE = YES;
				MACOSX_DEPLOYMENT_TARGET = 10.11;
				MTL_ENABLE_DEBUG_INFO = NO;
				SDKROOT = macosx;
			};
			name = Release;
		};
		5F5C9D471D0B1050006FC647 /* Debug */ = {
			isa = XCBuildConfiguration;
			buildSettings = {
				PRODUCT_NAME = "$(TARGET_NAME)";
			};
			name = Debug;
		};
		5F5C9D481D0B1050006FC647 /* Release */ = {
			isa = XCBuildConfiguration;
			buildSettings = {
				PRODUCT_NAME = "$(TARGET_NAME)";
			};
			name = Release;
		};
/* End XCBuildConfiguration section */

/* Begin XCConfigurationList section */
		5F5C9D3A1D0B1050006FC647 /* Build configuration list for PBXProject "condensor" */ = {
			isa = XCConfigurationList;
			buildConfigurations = (
				5F5C9D441D0B1050006FC647 /* Debug */,
				5F5C9D451D0B1050006FC647 /* Release */,
			);
			defaultConfigurationIsVisible = 0;
			defaultConfigurationName = Release;
		};
		5F5C9D461D0B1050006FC647 /* Build configuration list for PBXNativeTarget "condensor" */ = {
			isa = XCConfigurationList;
			buildConfigurations = (
				5F5C9D471D0B1050006FC647 /* Debug */,
				5F5C9D481D0B1050006FC647 /* Release */,
			);
			defaultConfigurationIsVisible = 0;
			defaultConfigurationName = Release;
		};
/* End XCConfigurationList section */
	};
	rootObject = 5F5C9D371D0B1050006FC647 /* Project object */;
}
